
Microsoft Visual Studio Solution File, Format Version 12.00
# Visual Studio 15
VisualStudioVersion = 15.0.26403.0
MinimumVisualStudioVersion = 10.0.40219.1
Project("{E24C65DC-7377-472B-9ABA-BC803B73C61A}") = "GPA_TOOL_FINAL", "E:\Documents\School_\Y2_S1\CP_380 - ASP.NET\GPA_TOOL_FINAL\", "{A75FD2C0-4D07-4219-8592-4958B28E6403}"
	ProjectSection(WebsiteProperties) = preProject
		TargetFrameworkMoniker = ".NETFramework,Version%3Dv4.5"
		Debug.AspNetCompiler.VirtualPath = "/localhost_58046"
		Debug.AspNetCompiler.PhysicalPath = "E:\Documents\School_\Y2_S1\CP_380 - ASP.NET\GPA_TOOL_FINAL\"
		Debug.AspNetCompiler.TargetPath = "PrecompiledWeb\localhost_58046\"
		Debug.AspNetCompiler.Updateable = "true"
		Debug.AspNetCompiler.ForceOverwrite = "true"
		Debug.AspNetCompiler.FixedNames = "false"
		Debug.AspNetCompiler.Debug = "True"
		Release.AspNetCompiler.VirtualPath = "/localhost_58046"
		Release.AspNetCompiler.PhysicalPath = "E:\Documents\School_\Y2_S1\CP_380 - ASP.NET\GPA_TOOL_FINAL\"
		Release.AspNetCompiler.TargetPath = "PrecompiledWeb\localhost_58046\"
		Release.AspNetCompiler.Updateable = "true"
		Release.AspNetCompiler.ForceOverwrite = "true"
		Release.AspNetCompiler.FixedNames = "false"
		Release.AspNetCompiler.Debug = "False"
		VWDPort = "58046"
		SlnRelativePath = "E:\Documents\School_\Y2_S1\CP_380 - ASP.NET\GPA_TOOL_FINAL\"
		DefaultWebSiteLanguage = "Visual C#"
	EndProjectSection
EndProject
Global
	GlobalSection(SolutionConfigurationPlatforms) = preSolution
		Debug|Any CPU = Debug|Any CPU
	EndGlobalSection
	GlobalSection(ProjectConfigurationPlatforms) = postSolution
		{A75FD2C0-4D07-4219-8592-4958B28E6403}.Debug|Any CPU.ActiveCfg = Debug|Any CPU
		{A75FD2C0-4D07-4219-8592-4958B28E6403}.Debug|Any CPU.Build.0 = Debug|Any CPU
	EndGlobalSection
	GlobalSection(SolutionProperties) = preSolution
		HideSolutionNode = FALSE
	EndGlobalSection
EndGlobal
